
Microsoft Visual Studio Solution File, Format Version 12.00
# Visual Studio 14
VisualStudioVersion = 14.0.25420.1
MinimumVisualStudioVersion = 10.0.40219.1
Project("{888888A0-9F3D-457C-B088-3A5042F75D52}") = "Team-32", "Team-32\Team-32.pyproj", "{897F6750-F4B7-4859-8AD9-175C650AC24A}"
EndProject
Project("{888888A0-9F3D-457C-B088-3A5042F75D52}") = "PythonApplication1", "PythonApplication1\PythonApplication1.pyproj", "{4F048461-D0E8-482B-94E0-B7C628108368}"
EndProject
Global
	GlobalSection(SolutionConfigurationPlatforms) = preSolution
		Debug|Any CPU = Debug|Any CPU
		Release|Any CPU = Release|Any CPU
	EndGlobalSection
	GlobalSection(ProjectConfigurationPlatforms) = postSolution
		{897F6750-F4B7-4859-8AD9-175C650AC24A}.Debug|Any CPU.ActiveCfg = Debug|Any CPU
		{897F6750-F4B7-4859-8AD9-175C650AC24A}.Release|Any CPU.ActiveCfg = Release|Any CPU
		{4F048461-D0E8-482B-94E0-B7C628108368}.Debug|Any CPU.ActiveCfg = Debug|Any CPU
		{4F048461-D0E8-482B-94E0-B7C628108368}.Release|Any CPU.ActiveCfg = Release|Any CPU
	EndGlobalSection
	GlobalSection(SolutionProperties) = preSolution
		HideSolutionNode = FALSE
	EndGlobalSection
EndGlobal
